
Microsoft Visual Studio Solution File, Format Version 12.00
# Visual Studio Version 16
VisualStudioVersion = 16.0.30330.147
MinimumVisualStudioVersion = 10.0.40219.1
Project("{FAE04EC0-301F-11D3-BF4B-00C04F79EFBC}") = "Session03Exercise02", "Session03Exercise02\Session03Exercise02.csproj", "{AC8EF63F-B225-4D1A-AB4E-0DED2349D8CD}"
EndProject
Global
	GlobalSection(SolutionConfigurationPlatforms) = preSolution
		Debug|Any CPU = Debug|Any CPU
		Release|Any CPU = Release|Any CPU
	EndGlobalSection
	GlobalSection(ProjectConfigurationPlatforms) = postSolution
		{AC8EF63F-B225-4D1A-AB4E-0DED2349D8CD}.Debug|Any CPU.ActiveCfg = Debug|Any CPU
		{AC8EF63F-B225-4D1A-AB4E-0DED2349D8CD}.Debug|Any CPU.Build.0 = Debug|Any CPU
		{AC8EF63F-B225-4D1A-AB4E-0DED2349D8CD}.Release|Any CPU.ActiveCfg = Release|Any CPU
		{AC8EF63F-B225-4D1A-AB4E-0DED2349D8CD}.Release|Any CPU.Build.0 = Release|Any CPU
	EndGlobalSection
	GlobalSection(SolutionProperties) = preSolution
		HideSolutionNode = FALSE
	EndGlobalSection
	GlobalSection(ExtensibilityGlobals) = postSolution
		SolutionGuid = {F9EA986A-D463-4C01-AAE3-D2F92EF01A3C}
	EndGlobalSection
EndGlobal
